
Microsoft Visual Studio Solution File, Format Version 12.00
# Visual Studio 15
VisualStudioVersion = 15.0.26124.0
MinimumVisualStudioVersion = 15.0.26124.0
Project("{FAE04EC0-301F-11D3-BF4B-00C04F79EFBC}") = "Domain", "Domain\Domain.csproj", "{3072CA42-5ABD-46EB-8052-3BF71319B684}"
EndProject
Project("{FAE04EC0-301F-11D3-BF4B-00C04F79EFBC}") = "Application", "Application\Application.csproj", "{DBED2969-3B43-4C72-A3BA-BEE7E5272F8A}"
EndProject
Project("{FAE04EC0-301F-11D3-BF4B-00C04F79EFBC}") = "Persistence", "Persistence\Persistence.csproj", "{DA792778-2E71-4243-B91C-C1FFD1A5730F}"
EndProject
Project("{FAE04EC0-301F-11D3-BF4B-00C04F79EFBC}") = "API", "API\API.csproj", "{99443B9B-6B5C-4FED-90AE-5978F7291285}"
EndProject
Global
	GlobalSection(SolutionConfigurationPlatforms) = preSolution
		Debug|Any CPU = Debug|Any CPU
		Debug|x64 = Debug|x64
		Debug|x86 = Debug|x86
		Release|Any CPU = Release|Any CPU
		Release|x64 = Release|x64
		Release|x86 = Release|x86
	EndGlobalSection
	GlobalSection(SolutionProperties) = preSolution
		HideSolutionNode = FALSE
	EndGlobalSection
	GlobalSection(ProjectConfigurationPlatforms) = postSolution
		{3072CA42-5ABD-46EB-8052-3BF71319B684}.Debug|Any CPU.ActiveCfg = Debug|Any CPU
		{3072CA42-5ABD-46EB-8052-3BF71319B684}.Debug|Any CPU.Build.0 = Debug|Any CPU
		{3072CA42-5ABD-46EB-8052-3BF71319B684}.Debug|x64.ActiveCfg = Debug|Any CPU
		{3072CA42-5ABD-46EB-8052-3BF71319B684}.Debug|x64.Build.0 = Debug|Any CPU
		{3072CA42-5ABD-46EB-8052-3BF71319B684}.Debug|x86.ActiveCfg = Debug|Any CPU
		{3072CA42-5ABD-46EB-8052-3BF71319B684}.Debug|x86.Build.0 = Debug|Any CPU
		{3072CA42-5ABD-46EB-8052-3BF71319B684}.Release|Any CPU.ActiveCfg = Release|Any CPU
		{3072CA42-5ABD-46EB-8052-3BF71319B684}.Release|Any CPU.Build.0 = Release|Any CPU
		{3072CA42-5ABD-46EB-8052-3BF71319B684}.Release|x64.ActiveCfg = Release|Any CPU
		{3072CA42-5ABD-46EB-8052-3BF71319B684}.Release|x64.Build.0 = Release|Any CPU
		{3072CA42-5ABD-46EB-8052-3BF71319B684}.Release|x86.ActiveCfg = Release|Any CPU
		{3072CA42-5ABD-46EB-8052-3BF71319B684}.Release|x86.Build.0 = Release|Any CPU
		{DBED2969-3B43-4C72-A3BA-BEE7E5272F8A}.Debug|Any CPU.ActiveCfg = Debug|Any CPU
		{DBED2969-3B43-4C72-A3BA-BEE7E5272F8A}.Debug|Any CPU.Build.0 = Debug|Any CPU
		{DBED2969-3B43-4C72-A3BA-BEE7E5272F8A}.Debug|x64.ActiveCfg = Debug|Any CPU
		{DBED2969-3B43-4C72-A3BA-BEE7E5272F8A}.Debug|x64.Build.0 = Debug|Any CPU
		{DBED2969-3B43-4C72-A3BA-BEE7E5272F8A}.Debug|x86.ActiveCfg = Debug|Any CPU
		{DBED2969-3B43-4C72-A3BA-BEE7E5272F8A}.Debug|x86.Build.0 = Debug|Any CPU
		{DBED2969-3B43-4C72-A3BA-BEE7E5272F8A}.Release|Any CPU.ActiveCfg = Release|Any CPU
		{DBED2969-3B43-4C72-A3BA-BEE7E5272F8A}.Release|Any CPU.Build.0 = Release|Any CPU
		{DBED2969-3B43-4C72-A3BA-BEE7E5272F8A}.Release|x64.ActiveCfg = Release|Any CPU
		{DBED2969-3B43-4C72-A3BA-BEE7E5272F8A}.Release|x64.Build.0 = Release|Any CPU
		{DBED2969-3B43-4C72-A3BA-BEE7E5272F8A}.Release|x86.ActiveCfg = Release|Any CPU
		{DBED2969-3B43-4C72-A3BA-BEE7E5272F8A}.Release|x86.Build.0 = Release|Any CPU
		{DA792778-2E71-4243-B91C-C1FFD1A5730F}.Debug|Any CPU.ActiveCfg = Debug|Any CPU
		{DA792778-2E71-4243-B91C-C1FFD1A5730F}.Debug|Any CPU.Build.0 = Debug|Any CPU
		{DA792778-2E71-4243-B91C-C1FFD1A5730F}.Debug|x64.ActiveCfg = Debug|Any CPU
		{DA792778-2E71-4243-B91C-C1FFD1A5730F}.Debug|x64.Build.0 = Debug|Any CPU
		{DA792778-2E71-4243-B91C-C1FFD1A5730F}.Debug|x86.ActiveCfg = Debug|Any CPU
		{DA792778-2E71-4243-B91C-C1FFD1A5730F}.Debug|x86.Build.0 = Debug|Any CPU
		{DA792778-2E71-4243-B91C-C1FFD1A5730F}.Release|Any CPU.ActiveCfg = Release|Any CPU
		{DA792778-2E71-4243-B91C-C1FFD1A5730F}.Release|Any CPU.Build.0 = Release|Any CPU
		{DA792778-2E71-4243-B91C-C1FFD1A5730F}.Release|x64.ActiveCfg = Release|Any CPU
		{DA792778-2E71-4243-B91C-C1FFD1A5730F}.Release|x64.Build.0 = Release|Any CPU
		{DA792778-2E71-4243-B91C-C1FFD1A5730F}.Release|x86.ActiveCfg = Release|Any CPU
		{DA792778-2E71-4243-B91C-C1FFD1A5730F}.Release|x86.Build.0 = Release|Any CPU
		{99443B9B-6B5C-4FED-90AE-5978F7291285}.Debug|Any CPU.ActiveCfg = Debug|Any CPU
		{99443B9B-6B5C-4FED-90AE-5978F7291285}.Debug|Any CPU.Build.0 = Debug|Any CPU
		{99443B9B-6B5C-4FED-90AE-5978F7291285}.Debug|x64.ActiveCfg = Debug|Any CPU
		{99443B9B-6B5C-4FED-90AE-5978F7291285}.Debug|x64.Build.0 = Debug|Any CPU
		{99443B9B-6B5C-4FED-90AE-5978F7291285}.Debug|x86.ActiveCfg = Debug|Any CPU
		{99443B9B-6B5C-4FED-90AE-5978F7291285}.Debug|x86.Build.0 = Debug|Any CPU
		{99443B9B-6B5C-4FED-90AE-5978F7291285}.Release|Any CPU.ActiveCfg = Release|Any CPU
		{99443B9B-6B5C-4FED-90AE-5978F7291285}.Release|Any CPU.Build.0 = Release|Any CPU
		{99443B9B-6B5C-4FED-90AE-5978F7291285}.Release|x64.ActiveCfg = Release|Any CPU
		{99443B9B-6B5C-4FED-90AE-5978F7291285}.Release|x64.Build.0 = Release|Any CPU
		{99443B9B-6B5C-4FED-90AE-5978F7291285}.Release|x86.ActiveCfg = Release|Any CPU
		{99443B9B-6B5C-4FED-90AE-5978F7291285}.Release|x86.Build.0 = Release|Any CPU
	EndGlobalSection
EndGlobal
